<Solution>
  <Project Path="AgentRunMiddleware/AgentRunMiddleware.csproj" />
  <Project Path="AgentWithTools/AgentWithTools.csproj" />
  <Project Path="ContextProviderAgent/ContextProviderAgent.csproj" />
  <Project Path="FunctionCallMiddleware/FunctionCallMiddleware.csproj" />
  <Project Path="HelloAgent/HelloAgent.csproj" />
  <Project Path="MemoryAgent/MemoryAgent.csproj" />
  <Project Path="MultiTurnAgent/MultiTurnAgent.csproj" />
  <Project Path="HelloWorkflow/HelloWorkflow.csproj" />
  <Project Path="StreamingWorkflow/StreamingWorkflow.csproj" />
  <Project Path="AgentInWorkflow/AgentInWorkflow.csproj" />
  <Project Path="SequentialAgents/SequentialAgents.csproj" />
  <Project Path="ConcurrentAgents/ConcurrentAgents.csproj" />
  <Project Path="HandoffAgents/HandoffAgents.csproj" />
  <Project Path="GroupChatAgents/GroupChatAgents.csproj" />
</Solution>
